
Microsoft Visual Studio Solution File, Format Version 12.00
# Visual Studio Version 17
VisualStudioVersion = 17.12.35506.116
MinimumVisualStudioVersion = 10.0.40219.1
Project("{FAE04EC0-301F-11D3-BF4B-00C04F79EFBC}") = "CrmConnectionTool", "CrmConnectionTool\CrmConnectionTool.csproj", "{F25EE640-A586-4557-A4BE-38FCCFB476BA}"
EndProject
Global
	GlobalSection(SolutionConfigurationPlatforms) = preSolution
		Debug|Any CPU = Debug|Any CPU
		Release|Any CPU = Release|Any CPU
	EndGlobalSection
	GlobalSection(ProjectConfigurationPlatforms) = postSolution
		{F25EE640-A586-4557-A4BE-38FCCFB476BA}.Debug|Any CPU.ActiveCfg = Debug|Any CPU
		{F25EE640-A586-4557-A4BE-38FCCFB476BA}.Debug|Any CPU.Build.0 = Debug|Any CPU
		{F25EE640-A586-4557-A4BE-38FCCFB476BA}.Release|Any CPU.ActiveCfg = Release|Any CPU
		{F25EE640-A586-4557-A4BE-38FCCFB476BA}.Release|Any CPU.Build.0 = Release|Any CPU
	EndGlobalSection
	GlobalSection(SolutionProperties) = preSolution
		HideSolutionNode = FALSE
	EndGlobalSection
	GlobalSection(ExtensibilityGlobals) = postSolution
		SolutionGuid = {B0519976-CF77-467E-B945-3FB914510EB5}
	EndGlobalSection
EndGlobal
